// !$*UTF8*$!
{
	archiveVersion = 1;
	classes = {
	};
	objectVersion = 56;
	objects = {

/* Begin PBXBuildFile section */
		260D69AA2AD6FAD1009C5DEB /* CarsAppApp.swift in Sources */ = {isa = PBXBuildFile; fileRef = 260D69A92AD6FAD1009C5DEB /* CarsAppApp.swift */; };
		260D69AC2AD6FAD1009C5DEB /* onBoardingView.swift in Sources */ = {isa = PBXBuildFile; fileRef = 260D69AB2AD6FAD1009C5DEB /* onBoardingView.swift */; };
		260D69AE2AD6FAD3009C5DEB /* Assets.xcassets in Resources */ = {isa = PBXBuildFile; fileRef = 260D69AD2AD6FAD3009C5DEB /* Assets.xcassets */; };
		260D69B12AD6FAD3009C5DEB /* Preview Assets.xcassets in Resources */ = {isa = PBXBuildFile; fileRef = 260D69B02AD6FAD3009C5DEB /* Preview Assets.xcassets */; };
		260D69B82AD70398009C5DEB /* Car.swift in Sources */ = {isa = PBXBuildFile; fileRef = 260D69B72AD70398009C5DEB /* Car.swift */; };
		260D69BA2AD70443009C5DEB /* carData.swift in Sources */ = {isa = PBXBuildFile; fileRef = 260D69B92AD70443009C5DEB /* carData.swift */; };
		260D69C02AD707DA009C5DEB /* cardView.swift in Sources */ = {isa = PBXBuildFile; fileRef = 260D69BF2AD707DA009C5DEB /* cardView.swift */; };
		260D69C22AD71410009C5DEB /* CellView.swift in Sources */ = {isa = PBXBuildFile; fileRef = 260D69C12AD71410009C5DEB /* CellView.swift */; };
		260D69C42AD71686009C5DEB /* CarListView.swift in Sources */ = {isa = PBXBuildFile; fileRef = 260D69C32AD71686009C5DEB /* CarListView.swift */; };
		260D69C62AD71775009C5DEB /* CarDetailsView.swift in Sources */ = {isa = PBXBuildFile; fileRef = 260D69C52AD71775009C5DEB /* CarDetailsView.swift */; };
		260D69C82AD71C2F009C5DEB /* HeaderView.swift in Sources */ = {isa = PBXBuildFile; fileRef = 260D69C72AD71C2F009C5DEB /* HeaderView.swift */; };
		260D69CA2AD71FFC009C5DEB /* ModelView.swift in Sources */ = {isa = PBXBuildFile; fileRef = 260D69C92AD71FFC009C5DEB /* ModelView.swift */; };
		26FA88FB2AD846A100F5E8D6 /* settingView.swift in Sources */ = {isa = PBXBuildFile; fileRef = 26FA88FA2AD846A100F5E8D6 /* settingView.swift */; };
/* End PBXBuildFile section */

/* Begin PBXFileReference section */
		260D69A62AD6FAD1009C5DEB /* CarsApp.app */ = {isa = PBXFileReference; explicitFileType = wrapper.application; includeInIndex = 0; path = CarsApp.app; sourceTree = BUILT_PRODUCTS_DIR; };
		260D69A92AD6FAD1009C5DEB /* CarsAppApp.swift */ = {isa = PBXFileReference; lastKnownFileType = sourcecode.swift; path = CarsAppApp.swift; sourceTree = "<group>"; };
		260D69AB2AD6FAD1009C5DEB /* onBoardingView.swift */ = {isa = PBXFileReference; lastKnownFileType = sourcecode.swift; path = onBoardingView.swift; sourceTree = "<group>"; };
		260D69AD2AD6FAD3009C5DEB /* Assets.xcassets */ = {isa = PBXFileReference; lastKnownFileType = folder.assetcatalog; path = Assets.xcassets; sourceTree = "<group>"; };
		260D69B02AD6FAD3009C5DEB /* Preview Assets.xcassets */ = {isa = PBXFileReference; lastKnownFileType = folder.assetcatalog; path = "Preview Assets.xcassets"; sourceTree = "<group>"; };
		260D69B72AD70398009C5DEB /* Car.swift */ = {isa = PBXFileReference; lastKnownFileType = sourcecode.swift; path = Car.swift; sourceTree = "<group>"; };
		260D69B92AD70443009C5DEB /* carData.swift */ = {isa = PBXFileReference; lastKnownFileType = sourcecode.swift; path = carData.swift; sourceTree = "<group>"; };
		260D69BF2AD707DA009C5DEB /* cardView.swift */ = {isa = PBXFileReference; lastKnownFileType = sourcecode.swift; path = cardView.swift; sourceTree = "<group>"; };
		260D69C12AD71410009C5DEB /* CellView.swift */ = {isa = PBXFileReference; lastKnownFileType = sourcecode.swift; path = CellView.swift; sourceTree = "<group>"; };
		260D69C32AD71686009C5DEB /* CarListView.swift */ = {isa = PBXFileReference; lastKnownFileType = sourcecode.swift; path = CarListView.swift; sourceTree = "<group>"; };
		260D69C52AD71775009C5DEB /* CarDetailsView.swift */ = {isa = PBXFileReference; lastKnownFileType = sourcecode.swift; path = CarDetailsView.swift; sourceTree = "<group>"; };
		260D69C72AD71C2F009C5DEB /* HeaderView.swift */ = {isa = PBXFileReference; lastKnownFileType = sourcecode.swift; path = HeaderView.swift; sourceTree = "<group>"; };
		260D69C92AD71FFC009C5DEB /* ModelView.swift */ = {isa = PBXFileReference; lastKnownFileType = sourcecode.swift; path = ModelView.swift; sourceTree = "<group>"; };
		26FA88FA2AD846A100F5E8D6 /* settingView.swift */ = {isa = PBXFileReference; lastKnownFileType = sourcecode.swift; path = settingView.swift; sourceTree = "<group>"; };
/* End PBXFileReference section */

/* Begin PBXFrameworksBuildPhase section */
		260D69A32AD6FAD1009C5DEB /* Frameworks */ = {
			isa = PBXFrameworksBuildPhase;
			buildActionMask = 2147483647;
			files = (
			);
			runOnlyForDeploymentPostprocessing = 0;
		};
/* End PBXFrameworksBuildPhase section */

/* Begin PBXGroup section */
		260D699D2AD6FAD1009C5DEB = {
			isa = PBXGroup;
			children = (
				260D69A82AD6FAD1009C5DEB /* CarsApp */,
				260D69A72AD6FAD1009C5DEB /* Products */,
			);
			sourceTree = "<group>";
		};
		260D69A72AD6FAD1009C5DEB /* Products */ = {
			isa = PBXGroup;
			children = (
				260D69A62AD6FAD1009C5DEB /* CarsApp.app */,
			);
			name = Products;
			sourceTree = "<group>";
		};
		260D69A82AD6FAD1009C5DEB /* CarsApp */ = {
			isa = PBXGroup;
			children = (
				260D69BE2AD706B0009C5DEB /* Data */,
				260D69BD2AD706A2009C5DEB /* model */,
				260D69BC2AD70699009C5DEB /* Components */,
				260D69BB2AD7068B009C5DEB /* Views */,
				260D69AD2AD6FAD3009C5DEB /* Assets.xcassets */,
				260D69AF2AD6FAD3009C5DEB /* Preview Content */,
			);
			path = CarsApp;
			sourceTree = "<group>";
		};
		260D69AF2AD6FAD3009C5DEB /* Preview Content */ = {
			isa = PBXGroup;
			children = (
				260D69B02AD6FAD3009C5DEB /* Preview Assets.xcassets */,
			);
			path = "Preview Content";
			sourceTree = "<group>";
		};
		260D69BB2AD7068B009C5DEB /* Views */ = {
			isa = PBXGroup;
			children = (
				260D69A92AD6FAD1009C5DEB /* CarsAppApp.swift */,
				260D69AB2AD6FAD1009C5DEB /* onBoardingView.swift */,
				260D69C32AD71686009C5DEB /* CarListView.swift */,
				260D69C52AD71775009C5DEB /* CarDetailsView.swift */,
				26FA88FA2AD846A100F5E8D6 /* settingView.swift */,
			);
			path = Views;
			sourceTree = "<group>";
		};
		260D69BC2AD70699009C5DEB /* Components */ = {
			isa = PBXGroup;
			children = (
				260D69BF2AD707DA009C5DEB /* cardView.swift */,
				260D69C12AD71410009C5DEB /* CellView.swift */,
				260D69C72AD71C2F009C5DEB /* HeaderView.swift */,
				260D69C92AD71FFC009C5DEB /* ModelView.swift */,
			);
			path = Components;
			sourceTree = "<group>";
		};
		260D69BD2AD706A2009C5DEB /* model */ = {
			isa = PBXGroup;
			children = (
				260D69B72AD70398009C5DEB /* Car.swift */,
			);
			path = model;
			sourceTree = "<group>";
		};
		260D69BE2AD706B0009C5DEB /* Data */ = {
			isa = PBXGroup;
			children = (
				260D69B92AD70443009C5DEB /* carData.swift */,
			);
			path = Data;
			sourceTree = "<group>";
		};
/* End PBXGroup section */

/* Begin PBXNativeTarget section */
		260D69A52AD6FAD1009C5DEB /* CarsApp */ = {
			isa = PBXNativeTarget;
			buildConfigurationList = 260D69B42AD6FAD3009C5DEB /* Build configuration list for PBXNativeTarget "CarsApp" */;
			buildPhases = (
				260D69A22AD6FAD1009C5DEB /* Sources */,
				260D69A32AD6FAD1009C5DEB /* Frameworks */,
				260D69A42AD6FAD1009C5DEB /* Resources */,
			);
			buildRules = (
			);
			dependencies = (
			);
			name = CarsApp;
			productName = CarsApp;
			productReference = 260D69A62AD6FAD1009C5DEB /* CarsApp.app */;
			productType = "com.apple.product-type.application";
		};
/* End PBXNativeTarget section */

/* Begin PBXProject section */
		260D699E2AD6FAD1009C5DEB /* Project object */ = {
			isa = PBXProject;
			attributes = {
				BuildIndependentTargetsInParallel = 1;
				LastSwiftUpdateCheck = 1430;
				LastUpgradeCheck = 1430;
				TargetAttributes = {
					260D69A52AD6FAD1009C5DEB = {
						CreatedOnToolsVersion = 14.3.1;
					};
				};
			};
			buildConfigurationList = 260D69A12AD6FAD1009C5DEB /* Build configuration list for PBXProject "CarsApp" */;
			compatibilityVersion = "Xcode 14.0";
			developmentRegion = en;
			hasScannedForEncodings = 0;
			knownRegions = (
				en,
				Base,
			);
			mainGroup = 260D699D2AD6FAD1009C5DEB;
			productRefGroup = 260D69A72AD6FAD1009C5DEB /* Products */;
			projectDirPath = "";
			projectRoot = "";
			targets = (
				260D69A52AD6FAD1009C5DEB /* CarsApp */,
			);
		};
/* End PBXProject section */

/* Begin PBXResourcesBuildPhase section */
		260D69A42AD6FAD1009C5DEB /* Resources */ = {
			isa = PBXResourcesBuildPhase;
			buildActionMask = 2147483647;
			files = (
				260D69B12AD6FAD3009C5DEB /* Preview Assets.xcassets in Resources */,
				260D69AE2AD6FAD3009C5DEB /* Assets.xcassets in Resources */,
			);
			runOnlyForDeploymentPostprocessing = 0;
		};
/* End PBXResourcesBuildPhase section */

/* Begin PBXSourcesBuildPhase section */
		260D69A22AD6FAD1009C5DEB /* Sources */ = {
			isa = PBXSourcesBuildPhase;
			buildActionMask = 2147483647;
			files = (
				260D69BA2AD70443009C5DEB /* carData.swift in Sources */,
				260D69C82AD71C2F009C5DEB /* HeaderView.swift in Sources */,
				260D69AC2AD6FAD1009C5DEB /* onBoardingView.swift in Sources */,
				260D69C22AD71410009C5DEB /* CellView.swift in Sources */,
				260D69CA2AD71FFC009C5DEB /* ModelView.swift in Sources */,
				260D69AA2AD6FAD1009C5DEB /* CarsAppApp.swift in Sources */,
				260D69B82AD70398009C5DEB /* Car.swift in Sources */,
				260D69C02AD707DA009C5DEB /* cardView.swift in Sources */,
				260D69C62AD71775009C5DEB /* CarDetailsView.swift in Sources */,
				26FA88FB2AD846A100F5E8D6 /* settingView.swift in Sources */,
				260D69C42AD71686009C5DEB /* CarListView.swift in Sources */,
			);
			runOnlyForDeploymentPostprocessing = 0;
		};
/* End PBXSourcesBuildPhase section */

/* Begin XCBuildConfiguration section */
		260D69B22AD6FAD3009C5DEB /* Debug */ = {
			isa = XCBuildConfiguration;
			buildSettings = {
				ALWAYS_SEARCH_USER_PATHS = NO;
				CLANG_ANALYZER_NONNULL = YES;
				CLANG_ANALYZER_NUMBER_OBJECT_CONVERSION = YES_AGGRESSIVE;
				CLANG_CXX_LANGUAGE_STANDARD = "gnu++20";
				CLANG_ENABLE_MODULES = YES;
				CLANG_ENABLE_OBJC_ARC = YES;
				CLANG_ENABLE_OBJC_WEAK = YES;
				CLANG_WARN_BLOCK_CAPTURE_AUTORELEASING = YES;
				CLANG_WARN_BOOL_CONVERSION = YES;
				CLANG_WARN_COMMA = YES;
				CLANG_WARN_CONSTANT_CONVERSION = YES;
				CLANG_WARN_DEPRECATED_OBJC_IMPLEMENTATIONS = YES;
				CLANG_WARN_DIRECT_OBJC_ISA_USAGE = YES_ERROR;
				CLANG_WARN_DOCUMENTATION_COMMENTS = YES;
				CLANG_WARN_EMPTY_BODY = YES;
				CLANG_WARN_ENUM_CONVERSION = YES;
				CLANG_WARN_INFINITE_RECURSION = YES;
				CLANG_WARN_INT_CONVERSION = YES;
				CLANG_WARN_NON_LITERAL_NULL_CONVERSION = YES;
				CLANG_WARN_OBJC_IMPLICIT_RETAIN_SELF = YES;
				CLANG_WARN_OBJC_LITERAL_CONVERSION = YES;
				CLANG_WARN_OBJC_ROOT_CLASS = YES_ERROR;
				CLANG_WARN_QUOTED_INCLUDE_IN_FRAMEWORK_HEADER = YES;
				CLANG_WARN_RANGE_LOOP_ANALYSIS = YES;
				CLANG_WARN_STRICT_PROTOTYPES = YES;
				CLANG_WARN_SUSPICIOUS_MOVE = YES;
				CLANG_WARN_UNGUARDED_AVAILABILITY = YES_AGGRESSIVE;
				CLANG_WARN_UNREACHABLE_CODE = YES;
				CLANG_WARN__DUPLICATE_METHOD_MATCH = YES;
				COPY_PHASE_STRIP = NO;
				DEBUG_INFORMATION_FORMAT = dwarf;
				ENABLE_STRICT_OBJC_MSGSEND = YES;
				ENABLE_TESTABILITY = YES;
				GCC_C_LANGUAGE_STANDARD = gnu11;
				GCC_DYNAMIC_NO_PIC = NO;
				GCC_NO_COMMON_BLOCKS = YES;
				GCC_OPTIMIZATION_LEVEL = 0;
				GCC_PREPROCESSOR_DEFINITIONS = (
					"DEBUG=1",
					"$(inherited)",
				);
				GCC_WARN_64_TO_32_BIT_CONVERSION = YES;
				GCC_WARN_ABOUT_RETURN_TYPE = YES_ERROR;
				GCC_WARN_UNDECLARED_SELECTOR = YES;
				GCC_WARN_UNINITIALIZED_AUTOS = YES_AGGRESSIVE;
				GCC_WARN_UNUSED_FUNCTION = YES;
				GCC_WARN_UNUSED_VARIABLE = YES;
				IPHONEOS_DEPLOYMENT_TARGET = 16.4;
				MTL_ENABLE_DEBUG_INFO = INCLUDE_SOURCE;
				MTL_FAST_MATH = YES;
				ONLY_ACTIVE_ARCH = YES;
				SDKROOT = iphoneos;
				SWIFT_ACTIVE_COMPILATION_CONDITIONS = DEBUG;
				SWIFT_OPTIMIZATION_LEVEL = "-Onone";
			};
			name = Debug;
		};
		260D69B32AD6FAD3009C5DEB /* Release */ = {
			isa = XCBuildConfiguration;
			buildSettings = {
				ALWAYS_SEARCH_USER_PATHS = NO;
				CLANG_ANALYZER_NONNULL = YES;
				CLANG_ANALYZER_NUMBER_OBJECT_CONVERSION = YES_AGGRESSIVE;
				CLANG_CXX_LANGUAGE_STANDARD = "gnu++20";
				CLANG_ENABLE_MODULES = YES;
				CLANG_ENABLE_OBJC_ARC = YES;
				CLANG_ENABLE_OBJC_WEAK = YES;
				CLANG_WARN_BLOCK_CAPTURE_AUTORELEASING = YES;
				CLANG_WARN_BOOL_CONVERSION = YES;
				CLANG_WARN_COMMA = YES;
				CLANG_WARN_CONSTANT_CONVERSION = YES;
				CLANG_WARN_DEPRECATED_OBJC_IMPLEMENTATIONS = YES;
				CLANG_WARN_DIRECT_OBJC_ISA_USAGE = YES_ERROR;
				CLANG_WARN_DOCUMENTATION_COMMENTS = YES;
				CLANG_WARN_EMPTY_BODY = YES;
				CLANG_WARN_ENUM_CONVERSION = YES;
				CLANG_WARN_INFINITE_RECURSION = YES;
				CLANG_WARN_INT_CONVERSION = YES;
				CLANG_WARN_NON_LITERAL_NULL_CONVERSION = YES;
				CLANG_WARN_OBJC_IMPLICIT_RETAIN_SELF = YES;
				CLANG_WARN_OBJC_LITERAL_CONVERSION = YES;
				CLANG_WARN_OBJC_ROOT_CLASS = YES_ERROR;
				CLANG_WARN_QUOTED_INCLUDE_IN_FRAMEWORK_HEADER = YES;
				CLANG_WARN_RANGE_LOOP_ANALYSIS = YES;
				CLANG_WARN_STRICT_PROTOTYPES = YES;
				CLANG_WARN_SUSPICIOUS_MOVE = YES;
				CLANG_WARN_UNGUARDED_AVAILABILITY = YES_AGGRESSIVE;
				CLANG_WARN_UNREACHABLE_CODE = YES;
				CLANG_WARN__DUPLICATE_METHOD_MATCH = YES;
				COPY_PHASE_STRIP = NO;
				DEBUG_INFORMATION_FORMAT = "dwarf-with-dsym";
				ENABLE_NS_ASSERTIONS = NO;
				ENABLE_STRICT_OBJC_MSGSEND = YES;
				GCC_C_LANGUAGE_STANDARD = gnu11;
				GCC_NO_COMMON_BLOCKS = YES;
				GCC_WARN_64_TO_32_BIT_CONVERSION = YES;
				GCC_WARN_ABOUT_RETURN_TYPE = YES_ERROR;
				GCC_WARN_UNDECLARED_SELECTOR = YES;
				GCC_WARN_UNINITIALIZED_AUTOS = YES_AGGRESSIVE;
				GCC_WARN_UNUSED_FUNCTION = YES;
				GCC_WARN_UNUSED_VARIABLE = YES;
				IPHONEOS_DEPLOYMENT_TARGET = 16.4;
				MTL_ENABLE_DEBUG_INFO = NO;
				MTL_FAST_MATH = YES;
				SDKROOT = iphoneos;
				SWIFT_COMPILATION_MODE = wholemodule;
				SWIFT_OPTIMIZATION_LEVEL = "-O";
				VALIDATE_PRODUCT = YES;
			};
			name = Release;
		};
		260D69B52AD6FAD3009C5DEB /* Debug */ = {
			isa = XCBuildConfiguration;
			buildSettings = {
				ASSETCATALOG_COMPILER_APPICON_NAME = AppIcon;
				ASSETCATALOG_COMPILER_GLOBAL_ACCENT_COLOR_NAME = AccentColor;
				CODE_SIGN_STYLE = Automatic;
				CURRENT_PROJECT_VERSION = 1;
				DEVELOPMENT_ASSET_PATHS = "\"CarsApp/Preview Content\"";
				DEVELOPMENT_TEAM = 587KJ2SYVV;
				ENABLE_PREVIEWS = YES;
				GENERATE_INFOPLIST_FILE = YES;
				INFOPLIST_KEY_UIApplicationSceneManifest_Generation = YES;
				INFOPLIST_KEY_UIApplicationSupportsIndirectInputEvents = YES;
				INFOPLIST_KEY_UILaunchScreen_Generation = YES;
				INFOPLIST_KEY_UISupportedInterfaceOrientations_iPad = "UIInterfaceOrientationPortrait UIInterfaceOrientationPortraitUpsideDown UIInterfaceOrientationLandscapeLeft UIInterfaceOrientationLandscapeRight";
				INFOPLIST_KEY_UISupportedInterfaceOrientations_iPhone = "UIInterfaceOrientationPortrait UIInterfaceOrientationLandscapeLeft UIInterfaceOrientationLandscapeRight";
				LD_RUNPATH_SEARCH_PATHS = (
					"$(inherited)",
					"@executable_path/Frameworks",
				);
				MARKETING_VERSION = 1.0;
				PRODUCT_BUNDLE_IDENTIFIER = sami.CarsApp;
				PRODUCT_NAME = "$(TARGET_NAME)";
				SWIFT_EMIT_LOC_STRINGS = YES;
				SWIFT_VERSION = 5.0;
				TARGETED_DEVICE_FAMILY = "1,2";
			};
			name = Debug;
		};
		260D69B62AD6FAD3009C5DEB /* Release */ = {
			isa = XCBuildConfiguration;
			buildSettings = {
				ASSETCATALOG_COMPILER_APPICON_NAME = AppIcon;
				ASSETCATALOG_COMPILER_GLOBAL_ACCENT_COLOR_NAME = AccentColor;
				CODE_SIGN_STYLE = Automatic;
				CURRENT_PROJECT_VERSION = 1;
				DEVELOPMENT_ASSET_PATHS = "\"CarsApp/Preview Content\"";
				DEVELOPMENT_TEAM = 587KJ2SYVV;
				ENABLE_PREVIEWS = YES;
				GENERATE_INFOPLIST_FILE = YES;
				INFOPLIST_KEY_UIApplicationSceneManifest_Generation = YES;
				INFOPLIST_KEY_UIApplicationSupportsIndirectInputEvents = YES;
				INFOPLIST_KEY_UILaunchScreen_Generation = YES;
				INFOPLIST_KEY_UISupportedInterfaceOrientations_iPad = "UIInterfaceOrientationPortrait UIInterfaceOrientationPortraitUpsideDown UIInterfaceOrientationLandscapeLeft UIInterfaceOrientationLandscapeRight";
				INFOPLIST_KEY_UISupportedInterfaceOrientations_iPhone = "UIInterfaceOrientationPortrait UIInterfaceOrientationLandscapeLeft UIInterfaceOrientationLandscapeRight";
				LD_RUNPATH_SEARCH_PATHS = (
					"$(inherited)",
					"@executable_path/Frameworks",
				);
				MARKETING_VERSION = 1.0;
				PRODUCT_BUNDLE_IDENTIFIER = sami.CarsApp;
				PRODUCT_NAME = "$(TARGET_NAME)";
				SWIFT_EMIT_LOC_STRINGS = YES;
				SWIFT_VERSION = 5.0;
				TARGETED_DEVICE_FAMILY = "1,2";
			};
			name = Release;
		};
/* End XCBuildConfiguration section */

/* Begin XCConfigurationList section */
		260D69A12AD6FAD1009C5DEB /* Build configuration list for PBXProject "CarsApp" */ = {
			isa = XCConfigurationList;
			buildConfigurations = (
				260D69B22AD6FAD3009C5DEB /* Debug */,
				260D69B32AD6FAD3009C5DEB /* Release */,
			);
			defaultConfigurationIsVisible = 0;
			defaultConfigurationName = Release;
		};
		260D69B42AD6FAD3009C5DEB /* Build configuration list for PBXNativeTarget "CarsApp" */ = {
			isa = XCConfigurationList;
			buildConfigurations = (
				260D69B52AD6FAD3009C5DEB /* Debug */,
				260D69B62AD6FAD3009C5DEB /* Release */,
			);
			defaultConfigurationIsVisible = 0;
			defaultConfigurationName = Release;
		};
/* End XCConfigurationList section */
	};
	rootObject = 260D699E2AD6FAD1009C5DEB /* Project object */;
}
